
Microsoft Visual Studio Solution File, Format Version 12.00
# Visual Studio 15
VisualStudioVersion = 15.0.27703.2047
MinimumVisualStudioVersion = 10.0.40219.1
Project("{FAE04EC0-301F-11D3-BF4B-00C04F79EFBC}") = "Producer", "Producer.csproj", "{14E74BA8-F934-460C-B7BA-42D25C72691D}"
EndProject
Project("{FAE04EC0-301F-11D3-BF4B-00C04F79EFBC}") = "Consumer", "..\Consumer\Consumer.csproj", "{DFB79D24-766D-459F-8020-C6172E2C6943}"
EndProject
Global
	GlobalSection(SolutionConfigurationPlatforms) = preSolution
		Debug|Any CPU = Debug|Any CPU
		Release|Any CPU = Release|Any CPU
	EndGlobalSection
	GlobalSection(ProjectConfigurationPlatforms) = postSolution
		{14E74BA8-F934-460C-B7BA-42D25C72691D}.Debug|Any CPU.ActiveCfg = Debug|Any CPU
		{14E74BA8-F934-460C-B7BA-42D25C72691D}.Debug|Any CPU.Build.0 = Debug|Any CPU
		{14E74BA8-F934-460C-B7BA-42D25C72691D}.Release|Any CPU.ActiveCfg = Release|Any CPU
		{14E74BA8-F934-460C-B7BA-42D25C72691D}.Release|Any CPU.Build.0 = Release|Any CPU
		{DFB79D24-766D-459F-8020-C6172E2C6943}.Debug|Any CPU.ActiveCfg = Debug|Any CPU
		{DFB79D24-766D-459F-8020-C6172E2C6943}.Debug|Any CPU.Build.0 = Debug|Any CPU
		{DFB79D24-766D-459F-8020-C6172E2C6943}.Release|Any CPU.ActiveCfg = Release|Any CPU
		{DFB79D24-766D-459F-8020-C6172E2C6943}.Release|Any CPU.Build.0 = Release|Any CPU
	EndGlobalSection
	GlobalSection(SolutionProperties) = preSolution
		HideSolutionNode = FALSE
	EndGlobalSection
	GlobalSection(ExtensibilityGlobals) = postSolution
		SolutionGuid = {05FA4583-ED37-4FDD-A534-A48967365AC8}
	EndGlobalSection
EndGlobal
